
Microsoft Visual Studio Solution File, Format Version 12.00
# Visual Studio Version 17
VisualStudioVersion = 17.8.34309.116
MinimumVisualStudioVersion = 10.0.40219.1
Project("{9A19103F-16F7-4668-BE54-9A1E7A4F7556}") = "DockerFromZeroToMastery-ASP.NET-8", "DockerFromZeroToMastery-ASP.NET-8\DockerFromZeroToMastery-ASP.NET-8.csproj", "{C6AB9C91-8E29-41D9-855B-06E799FA7D5A}"
EndProject
Project("{E53339B2-1760-4266-BCC7-CA923CBCF16C}") = "docker-compose", "docker-compose.dcproj", "{C3FFF249-F7B9-4A46-87D6-929B2FB05BAD}"
EndProject
Global
	GlobalSection(SolutionConfigurationPlatforms) = preSolution
		Debug|Any CPU = Debug|Any CPU
		Release|Any CPU = Release|Any CPU
	EndGlobalSection
	GlobalSection(ProjectConfigurationPlatforms) = postSolution
		{C6AB9C91-8E29-41D9-855B-06E799FA7D5A}.Debug|Any CPU.ActiveCfg = Debug|Any CPU
		{C6AB9C91-8E29-41D9-855B-06E799FA7D5A}.Debug|Any CPU.Build.0 = Debug|Any CPU
		{C6AB9C91-8E29-41D9-855B-06E799FA7D5A}.Release|Any CPU.ActiveCfg = Release|Any CPU
		{C6AB9C91-8E29-41D9-855B-06E799FA7D5A}.Release|Any CPU.Build.0 = Release|Any CPU
		{C3FFF249-F7B9-4A46-87D6-929B2FB05BAD}.Debug|Any CPU.ActiveCfg = Debug|Any CPU
		{C3FFF249-F7B9-4A46-87D6-929B2FB05BAD}.Debug|Any CPU.Build.0 = Debug|Any CPU
		{C3FFF249-F7B9-4A46-87D6-929B2FB05BAD}.Release|Any CPU.ActiveCfg = Release|Any CPU
		{C3FFF249-F7B9-4A46-87D6-929B2FB05BAD}.Release|Any CPU.Build.0 = Release|Any CPU
	EndGlobalSection
	GlobalSection(SolutionProperties) = preSolution
		HideSolutionNode = FALSE
	EndGlobalSection
	GlobalSection(ExtensibilityGlobals) = postSolution
		SolutionGuid = {3083AC86-3471-482A-8352-24FE6E5536FC}
	EndGlobalSection
EndGlobal
